
Microsoft Visual Studio Solution File, Format Version 12.00
# Visual Studio Version 16
VisualStudioVersion = 16.0.36631.11
MinimumVisualStudioVersion = 10.0.40219.1
Project("{8BC9CEB8-8B4A-11D0-8D11-00A0C91BC942}") = "Server", "ConsoleApplication1\ConsoleApplication1.vcxproj", "{EA6EB412-89C3-4E7F-8DB1-D2F236D83585}"
EndProject
Project("{8BC9CEB8-8B4A-11D0-8D11-00A0C91BC942}") = "Client", "Client\Client.vcxproj", "{5482B7F5-3616-446B-928A-2A89E9EAB16C}"
EndProject
Project("{8BC9CEB8-8B4A-11D0-8D11-00A0C91BC942}") = "Common", "Common\Common.vcxproj", "{D2E168B7-6F38-4AC7-BF27-0ECA2FDB312D}"
EndProject
Global
	GlobalSection(SolutionConfigurationPlatforms) = preSolution
		ClientDebug|x64 = ClientDebug|x64
		ClientDebug|x86 = ClientDebug|x86
		Debug|x64 = Debug|x64
		Debug|x86 = Debug|x86
		Release|x64 = Release|x64
		Release|x86 = Release|x86
		ServerDebug|x64 = ServerDebug|x64
		ServerDebug|x86 = ServerDebug|x86
	EndGlobalSection
	GlobalSection(ProjectConfigurationPlatforms) = postSolution
		{EA6EB412-89C3-4E7F-8DB1-D2F236D83585}.ClientDebug|x64.ActiveCfg = ClientDebug|x64
		{EA6EB412-89C3-4E7F-8DB1-D2F236D83585}.ClientDebug|x64.Build.0 = ClientDebug|x64
		{EA6EB412-89C3-4E7F-8DB1-D2F236D83585}.ClientDebug|x86.ActiveCfg = ClientDebug|Win32
		{EA6EB412-89C3-4E7F-8DB1-D2F236D83585}.ClientDebug|x86.Build.0 = ClientDebug|Win32
		{EA6EB412-89C3-4E7F-8DB1-D2F236D83585}.Debug|x64.ActiveCfg = Debug|x64
		{EA6EB412-89C3-4E7F-8DB1-D2F236D83585}.Debug|x64.Build.0 = Debug|x64
		{EA6EB412-89C3-4E7F-8DB1-D2F236D83585}.Debug|x86.ActiveCfg = Debug|Win32
		{EA6EB412-89C3-4E7F-8DB1-D2F236D83585}.Debug|x86.Build.0 = Debug|Win32
		{EA6EB412-89C3-4E7F-8DB1-D2F236D83585}.Release|x64.ActiveCfg = Release|x64
		{EA6EB412-89C3-4E7F-8DB1-D2F236D83585}.Release|x64.Build.0 = Release|x64
		{EA6EB412-89C3-4E7F-8DB1-D2F236D83585}.Release|x86.ActiveCfg = Release|Win32
		{EA6EB412-89C3-4E7F-8DB1-D2F236D83585}.Release|x86.Build.0 = Release|Win32
		{EA6EB412-89C3-4E7F-8DB1-D2F236D83585}.ServerDebug|x64.ActiveCfg = Debug|x64
		{EA6EB412-89C3-4E7F-8DB1-D2F236D83585}.ServerDebug|x64.Build.0 = Debug|x64
		{EA6EB412-89C3-4E7F-8DB1-D2F236D83585}.ServerDebug|x86.ActiveCfg = Debug|Win32
		{EA6EB412-89C3-4E7F-8DB1-D2F236D83585}.ServerDebug|x86.Build.0 = Debug|Win32
		{5482B7F5-3616-446B-928A-2A89E9EAB16C}.ClientDebug|x64.ActiveCfg = Debug|x64
		{5482B7F5-3616-446B-928A-2A89E9EAB16C}.ClientDebug|x64.Build.0 = Debug|x64
		{5482B7F5-3616-446B-928A-2A89E9EAB16C}.ClientDebug|x86.ActiveCfg = Debug|Win32
		{5482B7F5-3616-446B-928A-2A89E9EAB16C}.ClientDebug|x86.Build.0 = Debug|Win32
		{5482B7F5-3616-446B-928A-2A89E9EAB16C}.Debug|x64.ActiveCfg = Debug|x64
		{5482B7F5-3616-446B-928A-2A89E9EAB16C}.Debug|x64.Build.0 = Debug|x64
		{5482B7F5-3616-446B-928A-2A89E9EAB16C}.Debug|x86.ActiveCfg = Debug|Win32
		{5482B7F5-3616-446B-928A-2A89E9EAB16C}.Debug|x86.Build.0 = Debug|Win32
		{5482B7F5-3616-446B-928A-2A89E9EAB16C}.Release|x64.ActiveCfg = Release|x64
		{5482B7F5-3616-446B-928A-2A89E9EAB16C}.Release|x64.Build.0 = Release|x64
		{5482B7F5-3616-446B-928A-2A89E9EAB16C}.Release|x86.ActiveCfg = Release|Win32
		{5482B7F5-3616-446B-928A-2A89E9EAB16C}.Release|x86.Build.0 = Release|Win32
		{5482B7F5-3616-446B-928A-2A89E9EAB16C}.ServerDebug|x64.ActiveCfg = Debug|x64
		{5482B7F5-3616-446B-928A-2A89E9EAB16C}.ServerDebug|x64.Build.0 = Debug|x64
		{5482B7F5-3616-446B-928A-2A89E9EAB16C}.ServerDebug|x86.ActiveCfg = Debug|Win32
		{5482B7F5-3616-446B-928A-2A89E9EAB16C}.ServerDebug|x86.Build.0 = Debug|Win32
		{D2E168B7-6F38-4AC7-BF27-0ECA2FDB312D}.ClientDebug|x64.ActiveCfg = Debug|x64
		{D2E168B7-6F38-4AC7-BF27-0ECA2FDB312D}.ClientDebug|x64.Build.0 = Debug|x64
		{D2E168B7-6F38-4AC7-BF27-0ECA2FDB312D}.ClientDebug|x86.ActiveCfg = Debug|Win32
		{D2E168B7-6F38-4AC7-BF27-0ECA2FDB312D}.ClientDebug|x86.Build.0 = Debug|Win32
		{D2E168B7-6F38-4AC7-BF27-0ECA2FDB312D}.Debug|x64.ActiveCfg = Debug|x64
		{D2E168B7-6F38-4AC7-BF27-0ECA2FDB312D}.Debug|x64.Build.0 = Debug|x64
		{D2E168B7-6F38-4AC7-BF27-0ECA2FDB312D}.Debug|x86.ActiveCfg = Debug|Win32
		{D2E168B7-6F38-4AC7-BF27-0ECA2FDB312D}.Debug|x86.Build.0 = Debug|Win32
		{D2E168B7-6F38-4AC7-BF27-0ECA2FDB312D}.Release|x64.ActiveCfg = Release|x64
		{D2E168B7-6F38-4AC7-BF27-0ECA2FDB312D}.Release|x64.Build.0 = Release|x64
		{D2E168B7-6F38-4AC7-BF27-0ECA2FDB312D}.Release|x86.ActiveCfg = Release|Win32
		{D2E168B7-6F38-4AC7-BF27-0ECA2FDB312D}.Release|x86.Build.0 = Release|Win32
		{D2E168B7-6F38-4AC7-BF27-0ECA2FDB312D}.ServerDebug|x64.ActiveCfg = Debug|x64
		{D2E168B7-6F38-4AC7-BF27-0ECA2FDB312D}.ServerDebug|x64.Build.0 = Debug|x64
		{D2E168B7-6F38-4AC7-BF27-0ECA2FDB312D}.ServerDebug|x86.ActiveCfg = Debug|Win32
		{D2E168B7-6F38-4AC7-BF27-0ECA2FDB312D}.ServerDebug|x86.Build.0 = Debug|Win32
	EndGlobalSection
	GlobalSection(SolutionProperties) = preSolution
		HideSolutionNode = FALSE
	EndGlobalSection
	GlobalSection(ExtensibilityGlobals) = postSolution
		SolutionGuid = {CB3EFE78-A52D-4CB5-9D25-09B9F1151FFE}
	EndGlobalSection
EndGlobal
